# .claude/stx.lock — written by `stx claude sync`; do not edit.
# Versioned with the project: a clone + `stx claude sync` rebuilds the same .claude/.
[lock]
format = 1
profile = "documentation"
include = []
exclude = []
source = "/Volumes/Mac_Data/Win_data/data/backups/Dropbox-nicolas.guelfi@laposte.net/messir Dropbox/Nicolas Guelfi/users/NG/dev-dropbox/dvlpt/eclipse/git/github/streamtex-dev/streamtex-claude"
source_rev = "2bb1a8db511b83fdc8160e52751689a9c603a938"
claude_md = "CLAUDE.md"
claude_md_sha = "374655f7fd674f3b65da404639d4799e27de6de35f17b2f0cc692522dfda13b1"

[files]
".claude/CLAUDE.md.j2" = "2e1bb6e77bebc9e07cc7392171b7ebc3ce18bf992715d2f8c4e81df0a097fd7b"
".claude/ce/agents/ad-hoc-reviewer.md" = "2a104aaa5db34ae9f07e847fe4eda2de439030dc744c439986709627a097636f"
".claude/ce/agents/angle-generator.md" = "0a82cd4df1deee040e9869849ae886afc134bb9174620ffa259c4a3b8f506192"
".claude/ce/agents/audience-advocate.md" = "2af2390d6feb8e4fee27aea0bc827ff94d0d2203894025623117de56b5ef1076"
".claude/ce/agents/audience-analyst.md" = "6829621d90a0d786643e22e8b34b87931ed2057dedfed95d604645a6a05ade0a"
".claude/ce/agents/content-editor.md" = "a9a4917737aa85bfa2ababe84d184a12830bb42fe84ada60f8b6f394f9968d6b"
".claude/ce/agents/content-strategist.md" = "00a4f58620cb30ef6e60f6ee994825319d1c3f89f6b31194f13125e7028843ad"
".claude/ce/agents/dev-governance.md" = "ae059ff6b27284e56026a6208dd6eb6fbb4be25a873095d1783912eaf6139bc8"
".claude/ce/agents/domain-researcher.md" = "69158c33fda7b7e80dbbd251607314ab298ff9b28798d0ae929863b92921ba56"
".claude/ce/agents/feedback-detector.md" = "e662e969f942f4fb4315f79144172df289887d9aa6c40faf70ed6aee9e488e1a"
".claude/ce/agents/format-explorer.md" = "2c51cbdd28f61784cc16419772c9ec27ee774f85086d32bc6db453ebfa34899f"
".claude/ce/agents/gap-analyst.md" = "858e6b271210bec8212ce46a262a4fb5ba4e8eeddd6bd5f0d8edcbb34b8ce222"
".claude/ce/agents/import-assessor.md" = "e09d293c2860bfb398c3753b29f8e30774e91cd246cd9576359ebb972dbfd309"
".claude/ce/agents/learnings-researcher.md" = "b275b2d9af11ad7130973a8e5d701511d40a2508deb572c6c373e6b79ce047d2"
".claude/ce/agents/objective-monitor.md" = "4df02fac8517aadc9aff42e1ecb497d10af2e22c41d3d624fce1357331867f6e"
".claude/ce/agents/pedagogy-analyst.md" = "f158c68663f0b8b8476df8f3a7bda1f9940a2e8cb4a3e365dacc466469f5673a"
".claude/ce/agents/plan-reconciler.md" = "f67be78702ac3dfb578311cacec6834d8263cf02c1159402cdaeea84a5c1fc20"
".claude/ce/agents/prototype-designer.md" = "2cdcab5a920fc87af50169469b67837aae1c95bff50e6201b79bd528b7af951e"
".claude/ce/agents/source-scanner.md" = "e9b8e86462d50b3867f4f1470dfd78a68236afd57a421a82a8cd13e28e115ce9"
".claude/ce/agents/structure-architect.md" = "2af887d38684639c4af61ffd819d33cdeaef05cd95f3bbb17ef0e77c5a872af2"
".claude/ce/agents/style-consistency-checker.md" = "7d04052d69659f209262e5d6d1ef66f3e42abaedf0b654fd8b84ef17b2aa478d"
".claude/ce/agents/visual-reviewer.md" = "6036288ca206081846da481352498eb5faf561123f630fb5324e56923b3d9063"
".claude/ce/skills/ce-assess.md" = "095b65071bea23c8ab18404e29cf60e9af6ef0de46132807843681419b706849"
".claude/ce/skills/ce-collect.md" = "f426b6139a5975395130573c538ec178ca7cca8a26ac2cf2ec4c4f328d63bc27"
".claude/ce/skills/ce-compound.md" = "6de60b694bafe5beb8967293ec00787268722e5faf004c43351fd420452f8072"
".claude/ce/skills/ce-continue.md" = "5df508e961b12bb6f7d41af55f50928108c261fc554bf50ddd9fe5e3f119850b"
".claude/ce/skills/ce-conventions.md" = "2621e0812bc455794d423397a15c316e81f2dd16e53cea73454215a7b94137db"
".claude/ce/skills/ce-fix.md" = "5429779da341f44ad41d452210c33f5e81f8e0812c93f732ab8c198b9efca0c1"
".claude/ce/skills/ce-go.md" = "0c453aa4366841c3930628d1662266c55fcba1b72a6a555bb2d80f8b5bd3cb38"
".claude/ce/skills/ce-integrate.md" = "188bb12127f9d750fabf4d527ee073d55bbff7fa0f4ed87f03b96baa18f25257"
".claude/ce/skills/ce-pause.md" = "adb98e12b0f3bb2153574c759f0925f07747ca372951096e1d676631a53aaa07"
".claude/ce/skills/ce-plan.md" = "809b786d935676abaa7d50f83212eb840adc949d31b80b9eea6840caf9b6bd57"
".claude/ce/skills/ce-produce.md" = "c3f2d9a7438550530be569eb51e13bbd350689470c3830031468239b8131f21f"
".claude/ce/skills/ce-prototype.md" = "3bf396eb03858b9b3569bc38fc2ce7fd69ba3862c564d75038e0ab5c9e239ec0"
".claude/ce/skills/ce-review.md" = "5e3f83c6c21c084ac2aca740a1a94aedfbe2370e3b1f0ca67521a286c101c7fa"
".claude/ce/skills/ce-status.md" = "8da3812bd46ae1eabe3aa916f93f4ba88de6e1ceaf040be464a1794d5d94fc62"
".claude/ce/skills/ce-task.md" = "8670ebb00883d170277eed65356bba1f47213cbac408e700d5642fdbe1caa77a"
".claude/ce/templates/assess-create.md" = "998fb0eeefa9dfb9636f93274b52cd297493b2b12d494b3e7e153ad87f7dc7ec"
".claude/ce/templates/assess-import.md" = "1f3b88d3350ec85f6eb646825115db34123ff3750c92882cebdc92a4054eaa4d"
".claude/ce/templates/assess-improve.md" = "9f7de5930b87e9660ca83e0ca13b8bdaf03e300e62dc32d1271565168462968f"
".claude/ce/templates/checkpoint.md" = "658dc99c786a4ce333c3f01efa413ecd9f65658f612772eb08b2cfc6525345c2"
".claude/ce/templates/collect-report.md" = "a96a7b93af7f3971e2984d1b7f05a49286096494361cf3ec47d20b3a6dfbd250"
".claude/ce/templates/coverage-matrix.md" = "a00fa414133554fc64fe61e47225686ae3f44e67a8918cebd795d9d352d32e4d"
".claude/ce/templates/dev-report.md" = "7e4b1b30d076b8fbf3a6c1cbfae4da6f0daef59ab5afbbae838134d05d907ec4"
".claude/ce/templates/feedback-summary.md" = "7e1f9e08ddcc4bb19d8986c64e4f34aa001d5ef1e8dc41f1c03453cff17a6bc9"
".claude/ce/templates/master-plan.md" = "e918c45d7d3d24b7470b4a87f5d561c364d5db4c2f9a9ecccf1317709cb571b4"
".claude/ce/templates/plan-create.md" = "d980b350d19fa3391230fcf831bf66b824c703f0cc9e7b6af10c6cdf5e80cd29"
".claude/ce/templates/plan-import.md" = "aa50369933d1e7c17e9aea89efab07afa06fadec8983b602d1e1af69b1f57091"
".claude/ce/templates/plan-improve.md" = "2af907ab445c50facd168ba81c48f43cfe1f2f3aca38d68e484df7bcb91cede3"
".claude/ce/templates/producer-profile.md" = "238ea3936d6b6323976339d4443cbd6b77bda751389da9eb926b743b2eafab5f"
".claude/ce/templates/prototype-report.md" = "02237ed2393ed6c47a65b75a9b4fbc76ddb5c320e9e0fc474e870bdd3acf44dc"
".claude/ce/templates/review-report.md" = "77c673df1be2318120874b4310e99f53b32a14968415167237349e087256890b"
".claude/ce/templates/solution.md" = "325e22b3662b10f19280c19249a9a972367ed45f80b60aa001701daefcc954f9"
".claude/ce/templates/task-analysis.md" = "30a4ed6c51223af8ba92629fbe15bb2febd68a6a461cd48b0d0403706f858822"
".claude/ce/templates/task-report.md" = "42b5dd8a28c0c6c4964a772b5573b17829f33556edfb3924893397af6d5a846a"
".claude/ce/templates/task-review.md" = "ca1f4b102cc7e5a4d75d001d8e406b09e5dbc73a2234cd6e4d535a968ec76c74"
".claude/commands/stx-block/audit.md" = "e28382a09749925a804607b811d4b29153ce31d09afc379a90c189d2b76a8e9d"
".claude/commands/stx-block/collection-new.md" = "7bb51c3d9b8f8d7b06927ae7e7da0ac36d3ee701526c8719b2a4f048b9b43652"
".claude/commands/stx-block/course-generate.md" = "5e36960fcffba7d05b83d210dc328c1b785c1c66e99caa9996ef28fc71245c25"
".claude/commands/stx-block/customize.md" = "1a89c0481f365c3da219d0d051894e1bbf67e95f739ec004efa3a8bb5f28ae0d"
".claude/commands/stx-block/fix.md" = "5306bb5897c3823d5a34f9d9e56b479886866a35264d82d45e160de4e717d07b"
".claude/commands/stx-block/init.md" = "9ec43d4738daa652c310afe27c967c110a8226450b43bd2b9b6adc82a99b38a4"
".claude/commands/stx-block/lint.md" = "5235fa25a4c2f8895a38d90b9f46825d2041b908427c615c6e3c6106864794d6"
".claude/commands/stx-block/new.md" = "764a0cbe791a1e9bd9e038a1dd62e50b21ae94e1ed341c4398fe9232cd36f6f5"
".claude/commands/stx-block/preview.md" = "5181240eea359c9c67c4792fdd6057e9d549a1451cbcc1362eb19fc63fecf4c0"
".claude/commands/stx-block/slide-new.md" = "22b679a564c47ce57864d8c5da94f5e3623a4ec26ea0b647f0e15158548c4c77"
".claude/commands/stx-block/style-refactor.md" = "99b4ba4db307ab43b8dedf529e1bddc78c81d290ee4288aa74259d036c451d7e"
".claude/commands/stx-block/test.md" = "0aecb0c0daeedabcd5560f1aece0930a51b83b42baff16d88b83cd255d3627f8"
".claude/commands/stx-block/tool.md" = "cd724d04c4044e350ba3572ffcec809e65c26e43f8ef150c28659c418c85fb69"
".claude/commands/stx-block/update.md" = "2ec093e2759c8575150e5fd89ac7f65a90f36bb2fe594680811f3a6c73c2e790"
".claude/commands/stx-block/upgrade.md" = "7ec46c05cb89eba2432a2f1913a8e8e33856ae4a47bfb55c498ee818fdfd0f67"
".claude/commands/stx-ce/assess.md" = "3fabe2b7229f58a4509f9929e141f4e98ac55dc1495904fdd523d72a242f166c"
".claude/commands/stx-ce/collect.md" = "0538035dab3580f84a7f72127e83f0f92178fc48be314d93e3fece1977761fc6"
".claude/commands/stx-ce/compound.md" = "5dae0ff54da06bc1a803da9bb56974c7802117da9613c7c85c486c63ff01e666"
".claude/commands/stx-ce/continue.md" = "5b9cae3034357edd63df0a817902de781df18d2ac32f19d87ac00b6a482f80c3"
".claude/commands/stx-ce/fix.md" = "798bd87525e826321d3e335b2402d86b7a4d477ff3e4daac45182128a7f76f63"
".claude/commands/stx-ce/go.md" = "15ff6dc0ea86dc6f34d5bc8d8a365d4ea38a3f66e33911de13297733af928ecc"
".claude/commands/stx-ce/integrate.md" = "6a1ec5746bd4de3469a57b44c924b1db731e2bbfd55894647e5ab0a0a22d3604"
".claude/commands/stx-ce/pause.md" = "826c03ebbcd5d9ef2af959e0691ed0c304ae08248b3c15287aa3035041aae8fe"
".claude/commands/stx-ce/plan.md" = "f96f84a9a8e029a6190f54dc6f096f291dee3f2e2dec6a9d72be9985e0aba452"
".claude/commands/stx-ce/produce.md" = "76477f56984b1322876f598be4e581ecdd24301fec7257847f31f55fbaef2fee"
".claude/commands/stx-ce/prototype.md" = "43b6624067bbb4b9c44ec339c9770228c12462b72540a0aded3c3d7ce7e575c9"
".claude/commands/stx-ce/review.md" = "191a5d5ae3e85ad718b78b43503848d25cdf1d2b08206f1261d20c1da73f747d"
".claude/commands/stx-ce/status.md" = "d54eb63e85b18d21c9d58a997a6ffb64e8f38e5c3a82e10f9193f7186ca07eec"
".claude/commands/stx-ce/task.md" = "ea7e1a3faba58e832eff7ba6a5488b6c19fd60f3779e6452aea5f1e4d50a8678"
".claude/commands/stx-coherence/audit.md" = "0d2aed39e86601b3e8d33026955c7ff700afd692779b66fe5c9ff5b86a0a2884"
".claude/commands/stx-coherence/fix.md" = "6f31eb6bd455d3bfd8c78bfea2afefce780a4a762cf73606e3cc72ec9482fdaa"
".claude/commands/stx-component/run.md" = "eecba3728297d254a07bc63ae672f651fcabd9a0cd07330d902034a17113589a"
".claude/commands/stx-deploy/configure-domain.md" = "aa8363abd13b9a381fbf71116d6238aba2d3693e420945aaff743a6153cfe316"
".claude/commands/stx-deploy/deploy-batch.md" = "af5f067c0125b3fdaf7dc9c5a6baba011edcf994f438a0d9787491f397a820d9"
".claude/commands/stx-deploy/deploy.md" = "9610dd3898e3f86b77b7d765fff6f6ed4597e7a74c056842ee3713731eff62ea"
".claude/commands/stx-deploy/go.md" = "f3f3ffaa7a1eb28f5cfee8d1081622eed35659bffcb94759c2d3e08d6ff8f443"
".claude/commands/stx-deploy/install-coolify.md" = "e39c03123e117835c4759439be320c64672c67c14e380e61c42d630df881a753"
".claude/commands/stx-deploy/preflight.md" = "4bc5169ff7f0db55584512aa5ef8266e392fad28feb87fc054c857a09a5ffe45"
".claude/commands/stx-deploy/provision.md" = "41f43e4b4de1e4c00c9a1e0fcda6d77398e0cc79e1174aecada4ff645c1dc6c4"
".claude/commands/stx-deploy/scale.md" = "f7a9d9f31d4bf7f0090becca9cbf270a25cc10362281e3dc6a8b13956c6cc402"
".claude/commands/stx-deploy/secure.md" = "78bc195573eb6671315439e2b2075b20e44a6bf1611134d360beb20873f83267"
".claude/commands/stx-deploy/setup-loadbalancer.md" = "a7c78cf059b6cac6565343839eac4c2638a5ca9d1f5e6d0d349931f20ba48de5"
".claude/commands/stx-deploy/setup.md" = "db7630e2901dc9f90a4704687343e642543faadcf32564dd3c7b382b71cbfc6d"
".claude/commands/stx-deploy/status.md" = "a9d0c79808dee1375f1901c8004707618f1f999f5a4f36aa3d5da0cbac31d1ee"
".claude/commands/stx-deploy/update.md" = "40cd7feb58edc0efc3189ab640e40efd31b705436e51186f65ab8173d86971a6"
".claude/commands/stx-docs/release.md" = "83a7b99acf7b72dcbef5c6c363e4e862aa2cd753b5ffefa2ffabf7b264586ed9"
".claude/commands/stx-ds/run.md" = "f16795bf761fd6dd02cd37733761314e140c7364863f777902a18f2096592f8b"
".claude/commands/stx-export/html.md" = "87235519ea142592e2caf3c35966762c27c3703da21772f7f91bbc9fd9eb1499"
".claude/commands/stx-guide.md" = "5ecb32b83f36b7b3fb8e204e12f70a9350d6a68a83c1f2eeada9d256c5365662"
".claude/commands/stx-import/html-audit.md" = "47b14b1502342fa99f2d4238793889ff704b1b7b0d88ce23bf636be9926b8602"
".claude/commands/stx-import/html-batch.md" = "c45ad0c7dc8a2f4de6f23832628b87b1790cad83fb9f14ae879e171348e901ee"
".claude/commands/stx-import/html-block.md" = "88c540779e0bb2949d159b79432cb775e26889c7c9a5c339060cde558a9de53c"
".claude/commands/stx-import/html.md" = "478267a5cbb96ba94edcde36a1ded695f48168bf099af4d43311020bf2717475"
".claude/commands/stx-import/latex.md" = "5afae473c6a951e3870c33c3727c1ed09cf1e56f43ded5655f37d6dd94f87d00"
".claude/commands/stx-import/marp-analyze.md" = "c8fc8fc929da127ddca3b7dc29f1ffdf34103101229dd52accf4fb2be9a7da02"
".claude/commands/stx-import/marp.md" = "019b37c2e0a0598fb6a4589659cc790f69bc2aa5bcfe23aba873d1437b7d98e2"
".claude/commands/stx-issue/bug.md" = "b3de53b854a5f044c0ef9b717cc633c197973c90c18ef348b5fd4abfa1cb8823"
".claude/commands/stx-issue/comment.md" = "0f01865e8e7f7d9fd432ba6a1b73c6261b66fcaccd1e9248b18b68ea809887ff"
".claude/commands/stx-issue/docs.md" = "ddc5b013cb344d4c733b7e586661e5ba1a0e92cc6ad2d7b0b628b60ea5c324e1"
".claude/commands/stx-issue/feature.md" = "450e6bf6d4d48125ac2ce6d99ff082b98ecd1ac584abaea18bd7f1b2627be138"
".claude/commands/stx-issue/list.md" = "0a735adad8222d0c85d0b2e260c5e68f716a3b8d995591bee16a3f2adb71eb8c"
".claude/commands/stx-issue/question.md" = "a93a1dc3181db45ad7c2724ef80ca013f505edc00dcc9669a420ca82741489dc"
".claude/commands/stx-kit/run.md" = "d7ea49cef3c274974b6248abb719887325fc1f8bf08d8258ba631b4a587b1f02"
".claude/commands/stx-new/run.md" = "33cb4543ca38528f4c6de465d05608cf2f060952200d172ebfec50c5a577bb7d"
".claude/commands/stx-pack/run.md" = "f267c6f8c5c854e3b0769a8024c105b55d5e7de06ce3f5c534ea918986173f01"
".claude/commands/stx-pe/adopt.md" = "9882aee807dc76c7411b956dcabadf6a798d7bacaa98a0cc36e3d06bd1f494f4"
".claude/commands/stx-pe/audit.md" = "00af42662bda3754241d76b92650d593f92e1b6b652f5b44518cdecc41fd4f42"
".claude/commands/stx-pe/bootstrap.md" = "bdf99467efe625dd1f1f85915fb57a32bf6447786bc65db5f034f16e8efa92a6"
".claude/commands/stx-pe/go.md" = "28829ce55c223bb65a5805a578fcd6ae344c3e6fd0f818493f8a48582370fde2"
".claude/commands/stx-pe/publish.md" = "eaa83608cf936cdf336aa4fb57815298aa7e9cf5bdd4174f6404490936778634"
".claude/commands/stx-pe/refine.md" = "4e9ad31f9712e250217739398196be40e6e48289a23db9a1e54fbb3f1c11b466"
".claude/commands/stx-pe/specialize.md" = "bccc271ee6b63ecbfe5d655901a5e6b346532142c6cc0ed19e599f162d96a374"
".claude/commands/stx-validate/run.md" = "baa67195dcb78063561c9970c9d18c09dfe5cc280df72732e45aee75465a2f7a"
".claude/designer/agents/course-designer.md" = "e8d4078a77ec4eb35f20a05c76b53321bfbe4463c983d40170f90ea3096e05ff"
".claude/designer/agents/document-designer.md" = "90b65971e5005fa0d2815cc748aca681610e7ebbcb8e7f3cff9959f8fdeabce6"
".claude/designer/agents/project-architect.md" = "32b9bbea4fee896b025ca6b9db43df14937a0b1da53fd1b93aaa0d280aa6cbfa"
".claude/designer/agents/slide-designer.md" = "0d990665e58d3afe9aa0c715be04e0ce213aa36af74360ab3171c5404003c396"
".claude/designer/agents/slide-reviewer.md" = "96c9ec66bdf6225c8cb5255b3edf7d2c96b0746df2837149e23899ae4ec118d0"
".claude/designer/agents/web-document-designer.md" = "1120579215c71577fac23c7c093de9867d09cd51b0128742793d534cc85f6342"
".claude/designer/guidelines/_index.md" = "5cd6e40d45ed7e76551e07e92f20e419782df2a16bc7cc91f38a475294fe1250"
".claude/designer/guidelines/academic-structured.md" = "0166d76e4a56d64316ddb0c03341ebf02d55edb1798f4863f51a838589eea305"
".claude/designer/guidelines/dense-informative.md" = "4ee0340ee105f76316bd9af74be9e21e17f116c1c112d8f03a2c75fd5f8e1390"
".claude/designer/guidelines/maximize-viewport.md" = "fb8f00b59bd2813cea3ca20f530464d4e49c17bdff62f4e5ae0466240a63a31f"
".claude/designer/guidelines/minimalist-visual.md" = "357f4c0c6598c1e2d1dc06fd93ddf02700d3a50f2048e8edbe8605f40abeaa9b"
".claude/designer/skills/course-design-rules.md" = "c51219553b45d0ee261b8277f7cfb9af3fa1974b7ada7f5adefe441ef69f9cc5"
".claude/designer/skills/slide-design-rules.md" = "bfe41a7821f7a825381f6ff8760b53668ad9e333db9ff8324b8c100df7f711c8"
".claude/designer/skills/streamtex-quick-reference.md" = "892b3af3a6668cddc331a3d864b564f93ee9ed82f45b2f03e9f9081cb172c3bc"
".claude/designer/skills/style-conventions.md" = "ebcd0a2a39b959ddcc54bd114eccefc90ae6cd1188728d875b70f5cefa2cc3c9"
".claude/designer/skills/visual-design-rules.md" = "e7198a38e6d734e633160ff10800540eeebab058fcdba0694cc0f4c402ce2927"
".claude/designer/skills/web-document-design-rules.md" = "2fbb2edf67656994b263532f9f0a1a35673da2e11687dedbec072ff7d5bb0cb0"
".claude/designer/templates/collection.md" = "906c3ef2bb68ad5056d44e0a7f3b743e2e50e187df169510dd552674c56ade3d"
".claude/designer/templates/course.md" = "853d83d25584aff3436181dab84d6772cc64d5f1316ede9be5b36f2b0cf6866c"
".claude/designer/templates/presentation.md" = "750771bb71033e8f0c06fac2a1952cd4f67a0599e369cefba9918a463917e8df"
".claude/designer/templates/project.md" = "3c57a177e3f38d2db309e5b843340f8b7c77a99881ce6915ca178138630f22c5"
".claude/designer/tools/survey-convert.md" = "ec46cbf1630a6ca818a5bcbf38b26fbd9cc784fec2ed46b8043abbf61601e995"
".claude/developer/agents/deploy-operator.md" = "69d98ed09b9856c4c05c21cc3c1a6b28d7cae58649e94ba63f50512bd0ea1829"
".claude/developer/agents/import-converter.md" = "d5891c978f689bed865385af620734b369620f362b22674a9467980f9cf8481e"
".claude/developer/skills/authoring-gate.md" = "78d0e3c9eaf26cb3519de36894991a4bba1b4cc46a19137e90683ac3bb41b93e"
".claude/developer/skills/coherence-checks.md" = "e8dd7f2433d248fabf96f17460e979f0327635dca4460ff36fe9172ced8e2b47"
".claude/developer/skills/docs-lookup.md" = "aa57aeea36b74c9e208b172a672a3446f5a94de9932138f4a6389057aed5f071"
".claude/developer/skills/hetzner-infrastructure.md" = "f955a036f5bdad654188ab30934a0853401041031a11bf2fbfc2ee88e0d01320"
".claude/developer/skills/import-conventions.md" = "c7c12f0877404442277aeb9fc09e2f1ed83271523604beeb82fb9587ae115acc"
".claude/developer/skills/modular-design-philosophy.md" = "7afb65465a9073fbcdd0657c2ad0de9945120c9eaec19b50edfd5c9f6a5431d7"
".claude/developer/skills/reuse-architecture.md" = "fe3f4982a772dc9ebe374a2e73a97ff993ba1a1c3d3d9cb83fe166f6f8fce040"
".claude/developer/skills/ssh-operations.md" = "e5d1b0ece897ca232a0ca3db9c0b269f384f5c8359993b97d95b4b581aca812e"
".claude/developer/skills/stx-migrate.md" = "00548cb373759bee7babc1395a217ad9ba713f690e02b0aa396befeda5104a63"
".claude/developer/skills/testing-patterns.md" = "4a64e8dd261b949ff83554e7e14bbc40cfb027f2c0fabd40977266c919066ee6"
".claude/import-formats/html/conventions.md" = "340774e098930ebec3a8bb6dbf713ebc4b45964f439f834d174cd855b6a5422b"
".claude/import-formats/latex/conventions.md" = "74c66f6429cd7ce27f393b94d800ea947d75f756aa39e1281fd5e011d746f74b"
".claude/import-formats/marp/conventions.md" = "7cd7cd22627bdd84efbec08527b4016c420b0c551795e01709cfe6a087325397"
".claude/import-formats/marp/profiles/document.md" = "5c9035d7255d94768eff0a90a52a170ab7f74dae057c33584f3e9a83e7fdea7d"
".claude/import-formats/marp/profiles/slides.md" = "3c228f15c1047b4e78856518c5131c4bdfd4d45f83ddbbd1a77c27c699a7df32"
".claude/import-formats/marp/steps/00-detect-target.md" = "1b9adab87a3873e762eb77e96ca6b2b55484ec1a8fe8433a765bfef3ab3c8e6b"
".claude/import-formats/marp/steps/01-analyze.md" = "a0f6959b553feb0f0caa09cf630be7f8312bdf81ebf727a34c7d969f7c002881"
".claude/import-formats/marp/steps/02-theme-migrate.md" = "a9eae3b34c90217009c5717a35aca003036c33ca6238a6ce690871e8d4a7b7db"
".claude/import-formats/marp/steps/03-assets-migrate.md" = "5e6a9497213ff0f6c3fdd35a1a496ce67ae60615925af4e30903f20ee6cf147e"
".claude/import-formats/marp/steps/04-convert-block.md" = "c992eb1a0b50611a645fc9ee8ff6b055d6dedcc24182eb30199beb49c83dbe1d"
".claude/import-formats/marp/steps/05-slot-convert.md" = "333ac87d0fe3f17fce11642ce22ba2ff667632cbd579e799c3eca0afe02a7556"
".claude/import-formats/marp/steps/06-configure-book.md" = "2870932aae8a3d66824228cf8f5f9e91c308e9f9a3b87c13c49148f56af813ab"
".claude/pack-engineering/agents/pack-auditor.md" = "9bbd3e08ee3d6eeadddbb6b71013c21c8c25ddf63d8de40ef936c5923ffe6729"
".claude/pack-engineering/agents/pack-designer.md" = "1a7abe96de93ccd2730642d39a073eb96e1f508c63b8d0fab6ed22c6ca34b758"
".claude/pack-engineering/agents/pack-implementer.md" = "740cd1eebcb907b0c96320962ec190e292850d4fd65940669be7cc9dea007759"
".claude/pack-engineering/agents/pack-miner.md" = "e60ae985a3713edb71c2be073a1f5183180326a550aa41be18c32f21b12c68de"
".claude/pack-engineering/agents/pack-orchestrator.md" = "5f7c0da071e3cfb08b5ae2e748e4338a31d76b373e9c85249d917546b18b7e8f"
".claude/pack-engineering/agents/pack-publisher.md" = "1dde744fce8c7bef57617e0d1b8200aa29b6be639a6be7b54d2e85fe6861806e"
".claude/pack-engineering/agents/pack-retrofitter.md" = "465e67c6c7f3c5cd9468141a6bc0ea87dad391c0897e5d906396d9182fe3cf96"
".claude/pack-engineering/skills/pe-adopt.md" = "67f6728433e9d5921d9ccc42fda886c70adf9659767c3a5cdeb543738b7658ce"
".claude/pack-engineering/skills/pe-audit.md" = "b9c7f9a8137e75c8c460f25b1c8a3bb1c7bca9fc1f4a83ba12fa4122faf31033"
".claude/pack-engineering/skills/pe-bootstrap.md" = "5cd054ac1a84c29e4c8e7bf75c51d90c14359b2faefd85be4b38202858c8fb04"
".claude/pack-engineering/skills/pe-conventions.md" = "e7dacba39c0b280b0089befc49eb7b7a9af623c34ef1dd93e7a9ec32b4f1728e"
".claude/pack-engineering/skills/pe-go.md" = "d4eacf8fa5601c13edca10a3c8e942116908901d3f3c46e03c804b4a45cbd6c9"
".claude/pack-engineering/skills/pe-publish.md" = "75492316f5c8459a90f61ab7201868baec94851e97cf2d131d0407a0675dfc54"
".claude/pack-engineering/skills/pe-refine.md" = "017f34383be0f3fa5e2405ac4ac9443ea67b58928f14ceb765412d9849962e40"
".claude/pack-engineering/skills/pe-specialize.md" = "90ec3ac371547016ef80292a848c41f2390969724ac8aae700eb12d2aac0dc5c"
".claude/pack-engineering/templates/pack-master-plan.md" = "9d87d78699576ae9e1d5c5a9090860e6f5f0af3f5f025936e366216917541bae"
".claude/pack-engineering/templates/pack-master-plan.yaml" = "223fc0a9ff65c081ec716cf4ea063fda198d1c067a24c2dcbbaf3e900e60f1aa"
".claude/pack-engineering/templates/pe-audit-report.md" = "9d74e16de69e9fa65cd504bfea60474f5b34cda591c8f96d0c99055bcf28cc70"
".claude/pack-engineering/templates/pe-design.md" = "b7e9193fa143185cec8f4b2394069864007901bb3edc06c0d43f221380281255"
".claude/pack-engineering/templates/pe-discovery.md" = "0f4ad5ef53dcf37b624657695839d82fb7f1f472ed3deb3fb46114c04b15c0c4"
".claude/pack-engineering/templates/pe-retrofit-plan.md" = "a7ec39c7eef120e82d602b78d082a89d5bdab017b1e1d97bd21e05f3f58e16fd"
".claude/references/ce_cheatsheet_en.md" = "bd680dfecac3bd055373f9b2248d4dd82b98f0ef8df8f68d2c94f9d2441c6a69"
".claude/references/coding_standards.md" = "7fac73efab08488f73bda2f162d5d51fe0b7d62bac45a5feb07106422566a43f"
".claude/references/grid_layout_guidelines.md" = "ff3548d1fed0cca43ddc3362e8cb85d80ba0705090ec4a422ef46857bc650621"
".claude/references/pe_cheatsheet_en.md" = "a1f5805280254b13c654dc3f8f2dd3125c7356a06de51431300738bd3f74e066"
".claude/references/plotly_guidelines.md" = "b5ffa70d90eb3fd7462982ef1d1a2a6c3fcb1291051b20073b6e049f177a4060"
".claude/references/presentation_cheatsheet_en.md" = "46ca7a9dc7b1490459c466a705e4e25b05b7b1c43534f1b973ec4d70fb613550"
".claude/references/streamtex_cheatsheet_en.md" = "1ccf6fbc80e0306f42e9ff02ca72de1301c076c9cfb206073818ecb3bf453228"
".claude/settings.json" = "5af7f137a151a8181bc16f15701e9fe4033ddb4836839b4d3f61c09c2ec4c54b"
